
Microsoft Visual Studio Solution File, Format Version 12.00
# Visual Studio Version 17
VisualStudioVersion = 17.3.32929.385
MinimumVisualStudioVersion = 10.0.40219.1
Project("{FAE04EC0-301F-11D3-BF4B-00C04F79EFBC}") = "Cookfood", "Cookfood\Cookfood.csproj", "{432D0BBA-DCA7-4C76-81B0-CFB04769B113}"
EndProject
Global
	GlobalSection(SolutionConfigurationPlatforms) = preSolution
		Debug|Any CPU = Debug|Any CPU
		Release|Any CPU = Release|Any CPU
	EndGlobalSection
	GlobalSection(ProjectConfigurationPlatforms) = postSolution
		{432D0BBA-DCA7-4C76-81B0-CFB04769B113}.Debug|Any CPU.ActiveCfg = Debug|Any CPU
		{432D0BBA-DCA7-4C76-81B0-CFB04769B113}.Debug|Any CPU.Build.0 = Debug|Any CPU
		{432D0BBA-DCA7-4C76-81B0-CFB04769B113}.Release|Any CPU.ActiveCfg = Release|Any CPU
		{432D0BBA-DCA7-4C76-81B0-CFB04769B113}.Release|Any CPU.Build.0 = Release|Any CPU
	EndGlobalSection
	GlobalSection(SolutionProperties) = preSolution
		HideSolutionNode = FALSE
	EndGlobalSection
	GlobalSection(ExtensibilityGlobals) = postSolution
		SolutionGuid = {09031062-AC0D-4698-83E7-172CD6B5C8B5}
	EndGlobalSection
EndGlobal
